
Microsoft Visual Studio Solution File, Format Version 12.00
# Visual Studio 15
VisualStudioVersion = 15.0.28307.645
MinimumVisualStudioVersion = 10.0.40219.1
Project("{FAE04EC0-301F-11D3-BF4B-00C04F79EFBC}") = "OOP_Encapsulation_Example", "OOP_Encapsulation_Example\OOP_Encapsulation_Example.csproj", "{35C6D73B-D3E5-40F8-9D75-69B33E7290CC}"
EndProject
Global
	GlobalSection(SolutionConfigurationPlatforms) = preSolution
		Debug|Any CPU = Debug|Any CPU
		Release|Any CPU = Release|Any CPU
	EndGlobalSection
	GlobalSection(ProjectConfigurationPlatforms) = postSolution
		{35C6D73B-D3E5-40F8-9D75-69B33E7290CC}.Debug|Any CPU.ActiveCfg = Debug|Any CPU
		{35C6D73B-D3E5-40F8-9D75-69B33E7290CC}.Debug|Any CPU.Build.0 = Debug|Any CPU
		{35C6D73B-D3E5-40F8-9D75-69B33E7290CC}.Release|Any CPU.ActiveCfg = Release|Any CPU
		{35C6D73B-D3E5-40F8-9D75-69B33E7290CC}.Release|Any CPU.Build.0 = Release|Any CPU
	EndGlobalSection
	GlobalSection(SolutionProperties) = preSolution
		HideSolutionNode = FALSE
	EndGlobalSection
	GlobalSection(ExtensibilityGlobals) = postSolution
		SolutionGuid = {8ED88E9D-9A54-4DF3-A28C-8FA44C046970}
	EndGlobalSection
EndGlobal
