
Microsoft Visual Studio Solution File, Format Version 12.00
# Visual Studio 15
VisualStudioVersion = 15.0.28307.645
MinimumVisualStudioVersion = 10.0.40219.1
Project("{FAE04EC0-301F-11D3-BF4B-00C04F79EFBC}") = "OOP_Abstraction_Example", "OOP_Abstraction_Example\OOP_Abstraction_Example.csproj", "{89926A33-0227-4CDA-80F5-FDDF987EBBE8}"
EndProject
Global
	GlobalSection(SolutionConfigurationPlatforms) = preSolution
		Debug|Any CPU = Debug|Any CPU
		Release|Any CPU = Release|Any CPU
	EndGlobalSection
	GlobalSection(ProjectConfigurationPlatforms) = postSolution
		{89926A33-0227-4CDA-80F5-FDDF987EBBE8}.Debug|Any CPU.ActiveCfg = Debug|Any CPU
		{89926A33-0227-4CDA-80F5-FDDF987EBBE8}.Debug|Any CPU.Build.0 = Debug|Any CPU
		{89926A33-0227-4CDA-80F5-FDDF987EBBE8}.Release|Any CPU.ActiveCfg = Release|Any CPU
		{89926A33-0227-4CDA-80F5-FDDF987EBBE8}.Release|Any CPU.Build.0 = Release|Any CPU
	EndGlobalSection
	GlobalSection(SolutionProperties) = preSolution
		HideSolutionNode = FALSE
	EndGlobalSection
	GlobalSection(ExtensibilityGlobals) = postSolution
		SolutionGuid = {48F654D3-F249-4BD6-9B9E-A9AD71E27539}
	EndGlobalSection
EndGlobal
